{
  "name": "api.emiljohansson.dev",
  "version": "1.0.0",
  "lockfileVersion": 1,
  "requires": true,
  "dependencies": {
    "@emiljohansson/random-string": {
      "version": "1.1.2",
      "resolved": "https://registry.npmjs.org/@emiljohansson/random-string/-/random-string-1.1.2.tgz",
      "integrity": "sha512-fuAjgQ8yEcWiXAlr+TDfCrvSdwheA92fMjvbMFJkXPwifBp5uksbA9Q1hsDxozRh3fikJIMbG1c0qtn+pbRYHw=="
    }
  }
}
